{
  "name": "claude-pm-npm-test",
  "version": "1.0.0",
  "lockfileVersion": 3,
  "requires": true,
  "packages": {
    "": {
      "name": "claude-pm-npm-test",
      "version": "1.0.0",
      "license": "ISC",
      "dependencies": {
        "@bobmatnyc/claude-multiagent-pm": "file:../../../.."
      }
    },
    "../../../..": {
      "name": "@bobmatnyc/claude-multiagent-pm",
      "version": "0.7.5",
      "cpu": [
        "x64",
        "arm64"
      ],
      "hasInstallScript": true,
      "license": "MIT",
      "os": [
        "darwin",
        "linux",
        "win32"
      ],
      "dependencies": {
        "@bobmatnyc/ai-trackdown-tools": "^1.1.2",
        "@bobmatnyc/claude-multiagent-pm": "^0.7.1"
      },
      "bin": {
        "claude-pm": "bin/claude-pm"
      },
      "devDependencies": {
        "standard-version": "^9.5.0"
      },
      "engines": {
        "node": ">=16.0.0",
        "python": ">=3.8.0"
      }
    },
    "node_modules/@bobmatnyc/claude-multiagent-pm": {
      "resolved": "../../../..",
      "link": true
    }
  }
}
